// !$*UTF8*$!
{
	archiveVersion = 1;
	classes = {
	};
	objectVersion = 50;
	objects = {

/* Begin PBXBuildFile section */
		3D9C42F62274604A000A6585 /* CodablePersist.framework in Frameworks */ = {isa = PBXBuildFile; fileRef = 3D9C429022745894000A6585 /* CodablePersist.framework */; };
		3D9C43062274611B000A6585 /* CodablePersist.framework in Frameworks */ = {isa = PBXBuildFile; fileRef = 3D9C42A92274599D000A6585 /* CodablePersist.framework */; };
		3D9C431622746198000A6585 /* CodablePersist.framework in Frameworks */ = {isa = PBXBuildFile; fileRef = 3D9C42C522745A07000A6585 /* CodablePersist.framework */; };
		3D9C43242274629B000A6585 /* AppDelegate.swift in Sources */ = {isa = PBXBuildFile; fileRef = 3D9C43232274629B000A6585 /* AppDelegate.swift */; };
		3D9C43262274629B000A6585 /* ViewController.swift in Sources */ = {isa = PBXBuildFile; fileRef = 3D9C43252274629B000A6585 /* ViewController.swift */; };
		3D9C432B2274629C000A6585 /* Assets.xcassets in Resources */ = {isa = PBXBuildFile; fileRef = 3D9C432A2274629C000A6585 /* Assets.xcassets */; };
		3D9C432E2274629C000A6585 /* LaunchScreen.storyboard in Resources */ = {isa = PBXBuildFile; fileRef = 3D9C432C2274629C000A6585 /* LaunchScreen.storyboard */; };
		3D9C433422746323000A6585 /* CodablePersist.framework in Frameworks */ = {isa = PBXBuildFile; fileRef = 3D9C429022745894000A6585 /* CodablePersist.framework */; };
		3D9C433522746323000A6585 /* CodablePersist.framework in Embed Frameworks */ = {isa = PBXBuildFile; fileRef = 3D9C429022745894000A6585 /* CodablePersist.framework */; settings = {ATTRIBUTES = (CodeSignOnCopy, RemoveHeadersOnCopy, ); }; };
		41474F9B244BAC5600C3D066 /* MemoryStorage.swift in Sources */ = {isa = PBXBuildFile; fileRef = 41474F8E244BAC5600C3D066 /* MemoryStorage.swift */; };
		41474F9C244BAC5600C3D066 /* MemoryStorage.swift in Sources */ = {isa = PBXBuildFile; fileRef = 41474F8E244BAC5600C3D066 /* MemoryStorage.swift */; };
		41474F9D244BAC5600C3D066 /* MemoryStorage.swift in Sources */ = {isa = PBXBuildFile; fileRef = 41474F8E244BAC5600C3D066 /* MemoryStorage.swift */; };
		41474F9E244BAC5600C3D066 /* MemoryStorage.swift in Sources */ = {isa = PBXBuildFile; fileRef = 41474F8E244BAC5600C3D066 /* MemoryStorage.swift */; };
		41474F9F244BAC5600C3D066 /* DiskStorage.swift in Sources */ = {isa = PBXBuildFile; fileRef = 41474F8F244BAC5600C3D066 /* DiskStorage.swift */; };
		41474FA0244BAC5600C3D066 /* DiskStorage.swift in Sources */ = {isa = PBXBuildFile; fileRef = 41474F8F244BAC5600C3D066 /* DiskStorage.swift */; };
		41474FA1244BAC5600C3D066 /* DiskStorage.swift in Sources */ = {isa = PBXBuildFile; fileRef = 41474F8F244BAC5600C3D066 /* DiskStorage.swift */; };
		41474FA2244BAC5600C3D066 /* DiskStorage.swift in Sources */ = {isa = PBXBuildFile; fileRef = 41474F8F244BAC5600C3D066 /* DiskStorage.swift */; };
		41474FA3244BAC5600C3D066 /* UserDefaultsStorage.swift in Sources */ = {isa = PBXBuildFile; fileRef = 41474F90244BAC5600C3D066 /* UserDefaultsStorage.swift */; };
		41474FA4244BAC5600C3D066 /* UserDefaultsStorage.swift in Sources */ = {isa = PBXBuildFile; fileRef = 41474F90244BAC5600C3D066 /* UserDefaultsStorage.swift */; };
		41474FA5244BAC5600C3D066 /* UserDefaultsStorage.swift in Sources */ = {isa = PBXBuildFile; fileRef = 41474F90244BAC5600C3D066 /* UserDefaultsStorage.swift */; };
		41474FA6244BAC5600C3D066 /* UserDefaultsStorage.swift in Sources */ = {isa = PBXBuildFile; fileRef = 41474F90244BAC5600C3D066 /* UserDefaultsStorage.swift */; };
		41474FA7244BAC5600C3D066 /* ObjectDescriptor.swift in Sources */ = {isa = PBXBuildFile; fileRef = 41474F92244BAC5600C3D066 /* ObjectDescriptor.swift */; };
		41474FA8244BAC5600C3D066 /* ObjectDescriptor.swift in Sources */ = {isa = PBXBuildFile; fileRef = 41474F92244BAC5600C3D066 /* ObjectDescriptor.swift */; };
		41474FA9244BAC5600C3D066 /* ObjectDescriptor.swift in Sources */ = {isa = PBXBuildFile; fileRef = 41474F92244BAC5600C3D066 /* ObjectDescriptor.swift */; };
		41474FAA244BAC5600C3D066 /* ObjectDescriptor.swift in Sources */ = {isa = PBXBuildFile; fileRef = 41474F92244BAC5600C3D066 /* ObjectDescriptor.swift */; };
		41474FAB244BAC5600C3D066 /* StorageRemovable.swift in Sources */ = {isa = PBXBuildFile; fileRef = 41474F93244BAC5600C3D066 /* StorageRemovable.swift */; };
		41474FAC244BAC5600C3D066 /* StorageRemovable.swift in Sources */ = {isa = PBXBuildFile; fileRef = 41474F93244BAC5600C3D066 /* StorageRemovable.swift */; };
		41474FAD244BAC5600C3D066 /* StorageRemovable.swift in Sources */ = {isa = PBXBuildFile; fileRef = 41474F93244BAC5600C3D066 /* StorageRemovable.swift */; };
		41474FAE244BAC5600C3D066 /* StorageRemovable.swift in Sources */ = {isa = PBXBuildFile; fileRef = 41474F93244BAC5600C3D066 /* StorageRemovable.swift */; };
		41474FAF244BAC5600C3D066 /* StorageWritable.swift in Sources */ = {isa = PBXBuildFile; fileRef = 41474F94244BAC5600C3D066 /* StorageWritable.swift */; };
		41474FB0244BAC5600C3D066 /* StorageWritable.swift in Sources */ = {isa = PBXBuildFile; fileRef = 41474F94244BAC5600C3D066 /* StorageWritable.swift */; };
		41474FB1244BAC5600C3D066 /* StorageWritable.swift in Sources */ = {isa = PBXBuildFile; fileRef = 41474F94244BAC5600C3D066 /* StorageWritable.swift */; };
		41474FB2244BAC5600C3D066 /* StorageWritable.swift in Sources */ = {isa = PBXBuildFile; fileRef = 41474F94244BAC5600C3D066 /* StorageWritable.swift */; };
		41474FB3244BAC5600C3D066 /* CacheStorable.swift in Sources */ = {isa = PBXBuildFile; fileRef = 41474F95244BAC5600C3D066 /* CacheStorable.swift */; };
		41474FB4244BAC5600C3D066 /* CacheStorable.swift in Sources */ = {isa = PBXBuildFile; fileRef = 41474F95244BAC5600C3D066 /* CacheStorable.swift */; };
		41474FB5244BAC5600C3D066 /* CacheStorable.swift in Sources */ = {isa = PBXBuildFile; fileRef = 41474F95244BAC5600C3D066 /* CacheStorable.swift */; };
		41474FB6244BAC5600C3D066 /* CacheStorable.swift in Sources */ = {isa = PBXBuildFile; fileRef = 41474F95244BAC5600C3D066 /* CacheStorable.swift */; };
		41474FB7244BAC5600C3D066 /* Identifiable.swift in Sources */ = {isa = PBXBuildFile; fileRef = 41474F96244BAC5600C3D066 /* Identifiable.swift */; };
		41474FB8244BAC5600C3D066 /* Identifiable.swift in Sources */ = {isa = PBXBuildFile; fileRef = 41474F96244BAC5600C3D066 /* Identifiable.swift */; };
		41474FB9244BAC5600C3D066 /* Identifiable.swift in Sources */ = {isa = PBXBuildFile; fileRef = 41474F96244BAC5600C3D066 /* Identifiable.swift */; };
		41474FBA244BAC5600C3D066 /* Identifiable.swift in Sources */ = {isa = PBXBuildFile; fileRef = 41474F96244BAC5600C3D066 /* Identifiable.swift */; };
		41474FBB244BAC5600C3D066 /* StorageReadable.swift in Sources */ = {isa = PBXBuildFile; fileRef = 41474F97244BAC5600C3D066 /* StorageReadable.swift */; };
		41474FBC244BAC5600C3D066 /* StorageReadable.swift in Sources */ = {isa = PBXBuildFile; fileRef = 41474F97244BAC5600C3D066 /* StorageReadable.swift */; };
		41474FBD244BAC5600C3D066 /* StorageReadable.swift in Sources */ = {isa = PBXBuildFile; fileRef = 41474F97244BAC5600C3D066 /* StorageReadable.swift */; };
		41474FBE244BAC5600C3D066 /* StorageReadable.swift in Sources */ = {isa = PBXBuildFile; fileRef = 41474F97244BAC5600C3D066 /* StorageReadable.swift */; };
		41474FBF244BAC5600C3D066 /* StorageError.swift in Sources */ = {isa = PBXBuildFile; fileRef = 41474F99244BAC5600C3D066 /* StorageError.swift */; };
		41474FC0244BAC5600C3D066 /* StorageError.swift in Sources */ = {isa = PBXBuildFile; fileRef = 41474F99244BAC5600C3D066 /* StorageError.swift */; };
		41474FC1244BAC5600C3D066 /* StorageError.swift in Sources */ = {isa = PBXBuildFile; fileRef = 41474F99244BAC5600C3D066 /* StorageError.swift */; };
		41474FC2244BAC5600C3D066 /* StorageError.swift in Sources */ = {isa = PBXBuildFile; fileRef = 41474F99244BAC5600C3D066 /* StorageError.swift */; };
		41474FC3244BAC5600C3D066 /* SorageDateDescriptor.swift in Sources */ = {isa = PBXBuildFile; fileRef = 41474F9A244BAC5600C3D066 /* SorageDateDescriptor.swift */; };
		41474FC4244BAC5600C3D066 /* SorageDateDescriptor.swift in Sources */ = {isa = PBXBuildFile; fileRef = 41474F9A244BAC5600C3D066 /* SorageDateDescriptor.swift */; };
		41474FC5244BAC5600C3D066 /* SorageDateDescriptor.swift in Sources */ = {isa = PBXBuildFile; fileRef = 41474F9A244BAC5600C3D066 /* SorageDateDescriptor.swift */; };
		41474FC6244BAC5600C3D066 /* SorageDateDescriptor.swift in Sources */ = {isa = PBXBuildFile; fileRef = 41474F9A244BAC5600C3D066 /* SorageDateDescriptor.swift */; };
		41474FCC244BAC7300C3D066 /* DiskStorageTest.swift in Sources */ = {isa = PBXBuildFile; fileRef = 41474FC7244BAC7300C3D066 /* DiskStorageTest.swift */; };
		41474FCD244BAC7300C3D066 /* DiskStorageTest.swift in Sources */ = {isa = PBXBuildFile; fileRef = 41474FC7244BAC7300C3D066 /* DiskStorageTest.swift */; };
		41474FCE244BAC7300C3D066 /* DiskStorageTest.swift in Sources */ = {isa = PBXBuildFile; fileRef = 41474FC7244BAC7300C3D066 /* DiskStorageTest.swift */; };
		41474FCF244BAC7300C3D066 /* MemoryStorageTest.swift in Sources */ = {isa = PBXBuildFile; fileRef = 41474FC8244BAC7300C3D066 /* MemoryStorageTest.swift */; };
		41474FD0244BAC7300C3D066 /* MemoryStorageTest.swift in Sources */ = {isa = PBXBuildFile; fileRef = 41474FC8244BAC7300C3D066 /* MemoryStorageTest.swift */; };
		41474FD1244BAC7300C3D066 /* MemoryStorageTest.swift in Sources */ = {isa = PBXBuildFile; fileRef = 41474FC8244BAC7300C3D066 /* MemoryStorageTest.swift */; };
		41474FD2244BAC7300C3D066 /* UserDefaultsStorageTest.swift in Sources */ = {isa = PBXBuildFile; fileRef = 41474FC9244BAC7300C3D066 /* UserDefaultsStorageTest.swift */; };
		41474FD3244BAC7300C3D066 /* UserDefaultsStorageTest.swift in Sources */ = {isa = PBXBuildFile; fileRef = 41474FC9244BAC7300C3D066 /* UserDefaultsStorageTest.swift */; };
		41474FD4244BAC7300C3D066 /* UserDefaultsStorageTest.swift in Sources */ = {isa = PBXBuildFile; fileRef = 41474FC9244BAC7300C3D066 /* UserDefaultsStorageTest.swift */; };
		41474FD5244BAC7300C3D066 /* PostMock.swift in Sources */ = {isa = PBXBuildFile; fileRef = 41474FCB244BAC7300C3D066 /* PostMock.swift */; };
		41474FD6244BAC7300C3D066 /* PostMock.swift in Sources */ = {isa = PBXBuildFile; fileRef = 41474FCB244BAC7300C3D066 /* PostMock.swift */; };
		41474FD7244BAC7300C3D066 /* PostMock.swift in Sources */ = {isa = PBXBuildFile; fileRef = 41474FCB244BAC7300C3D066 /* PostMock.swift */; };
		41C528FA2454E2B000A23635 /* CacheBacked.swift in Sources */ = {isa = PBXBuildFile; fileRef = 41C528F92454E2B000A23635 /* CacheBacked.swift */; };
/* End PBXBuildFile section */

/* Begin PBXContainerItemProxy section */
		3D9C42F72274604A000A6585 /* PBXContainerItemProxy */ = {
			isa = PBXContainerItemProxy;
			containerPortal = 3D9C428722745894000A6585 /* Project object */;
			proxyType = 1;
			remoteGlobalIDString = 3D9C428F22745894000A6585;
			remoteInfo = "CodablePersist-iOS";
		};
		3D9C43072274611B000A6585 /* PBXContainerItemProxy */ = {
			isa = PBXContainerItemProxy;
			containerPortal = 3D9C428722745894000A6585 /* Project object */;
			proxyType = 1;
			remoteGlobalIDString = 3D9C42A82274599D000A6585;
			remoteInfo = "CodablePersist-tvOS";
		};
		3D9C431722746198000A6585 /* PBXContainerItemProxy */ = {
			isa = PBXContainerItemProxy;
			containerPortal = 3D9C428722745894000A6585 /* Project object */;
			proxyType = 1;
			remoteGlobalIDString = 3D9C42C422745A07000A6585;
			remoteInfo = "CodablePersist-macOS";
		};
		3D9C433622746323000A6585 /* PBXContainerItemProxy */ = {
			isa = PBXContainerItemProxy;
			containerPortal = 3D9C428722745894000A6585 /* Project object */;
			proxyType = 1;
			remoteGlobalIDString = 3D9C428F22745894000A6585;
			remoteInfo = "CodablePersist-iOS";
		};
/* End PBXContainerItemProxy section */

/* Begin PBXCopyFilesBuildPhase section */
		3D9C433822746323000A6585 /* Embed Frameworks */ = {
			isa = PBXCopyFilesBuildPhase;
			buildActionMask = 2147483647;
			dstPath = "";
			dstSubfolderSpec = 10;
			files = (
				3D9C433522746323000A6585 /* CodablePersist.framework in Embed Frameworks */,
			);
			name = "Embed Frameworks";
			runOnlyForDeploymentPostprocessing = 0;
		};
/* End PBXCopyFilesBuildPhase section */

/* Begin PBXFileReference section */
		3D9C429022745894000A6585 /* CodablePersist.framework */ = {isa = PBXFileReference; explicitFileType = wrapper.framework; includeInIndex = 0; path = CodablePersist.framework; sourceTree = BUILT_PRODUCTS_DIR; };
		3D9C429C227458E8000A6585 /* CodablePersist.plist */ = {isa = PBXFileReference; fileEncoding = 4; lastKnownFileType = text.plist.xml; path = CodablePersist.plist; sourceTree = "<group>"; };
		3D9C429D227458E8000A6585 /* CodablePersistTests.plist */ = {isa = PBXFileReference; fileEncoding = 4; lastKnownFileType = text.plist.xml; path = CodablePersistTests.plist; sourceTree = "<group>"; };
		3D9C42A92274599D000A6585 /* CodablePersist.framework */ = {isa = PBXFileReference; explicitFileType = wrapper.framework; includeInIndex = 0; path = CodablePersist.framework; sourceTree = BUILT_PRODUCTS_DIR; };
		3D9C42B7227459D6000A6585 /* CodablePersist.framework */ = {isa = PBXFileReference; explicitFileType = wrapper.framework; includeInIndex = 0; path = CodablePersist.framework; sourceTree = BUILT_PRODUCTS_DIR; };
		3D9C42C522745A07000A6585 /* CodablePersist.framework */ = {isa = PBXFileReference; explicitFileType = wrapper.framework; includeInIndex = 0; path = CodablePersist.framework; sourceTree = BUILT_PRODUCTS_DIR; };
		3D9C42D222745B48000A6585 /* LICENSE */ = {isa = PBXFileReference; lastKnownFileType = text; path = LICENSE; sourceTree = SOURCE_ROOT; };
		3D9C42D322745B48000A6585 /* Package.swift */ = {isa = PBXFileReference; lastKnownFileType = sourcecode.swift; path = Package.swift; sourceTree = SOURCE_ROOT; };
		3D9C42D422745B48000A6585 /* CodablePersist.podspec */ = {isa = PBXFileReference; lastKnownFileType = text; path = CodablePersist.podspec; sourceTree = SOURCE_ROOT; };
		3D9C42D522745B48000A6585 /* README.md */ = {isa = PBXFileReference; lastKnownFileType = net.daringfireball.markdown; path = README.md; sourceTree = SOURCE_ROOT; };
		3D9C42D622745C9D000A6585 /* Fastfile */ = {isa = PBXFileReference; lastKnownFileType = text; name = Fastfile; path = fastlane/Fastfile; sourceTree = SOURCE_ROOT; };
		3D9C42D822745DAF000A6585 /* .jazzy.yaml */ = {isa = PBXFileReference; lastKnownFileType = text; path = .jazzy.yaml; sourceTree = SOURCE_ROOT; };
		3D9C42D922745DAF000A6585 /* .swiftlint.yml */ = {isa = PBXFileReference; lastKnownFileType = text; path = .swiftlint.yml; sourceTree = SOURCE_ROOT; };
		3D9C42DB22745DB0000A6585 /* .gitignore */ = {isa = PBXFileReference; lastKnownFileType = text; path = .gitignore; sourceTree = SOURCE_ROOT; };
		3D9C42F12274604A000A6585 /* CodablePersist-iOSTests.xctest */ = {isa = PBXFileReference; explicitFileType = wrapper.cfbundle; includeInIndex = 0; path = "CodablePersist-iOSTests.xctest"; sourceTree = BUILT_PRODUCTS_DIR; };
		3D9C43012274611B000A6585 /* CodablePersist-tvOSTests.xctest */ = {isa = PBXFileReference; explicitFileType = wrapper.cfbundle; includeInIndex = 0; path = "CodablePersist-tvOSTests.xctest"; sourceTree = BUILT_PRODUCTS_DIR; };
		3D9C431122746198000A6585 /* CodablePersist-macOSTests.xctest */ = {isa = PBXFileReference; explicitFileType = wrapper.cfbundle; includeInIndex = 0; path = "CodablePersist-macOSTests.xctest"; sourceTree = BUILT_PRODUCTS_DIR; };
		3D9C43212274629B000A6585 /* Example.app */ = {isa = PBXFileReference; explicitFileType = wrapper.application; includeInIndex = 0; path = Example.app; sourceTree = BUILT_PRODUCTS_DIR; };
		3D9C43232274629B000A6585 /* AppDelegate.swift */ = {isa = PBXFileReference; lastKnownFileType = sourcecode.swift; path = AppDelegate.swift; sourceTree = "<group>"; };
		3D9C43252274629B000A6585 /* ViewController.swift */ = {isa = PBXFileReference; lastKnownFileType = sourcecode.swift; path = ViewController.swift; sourceTree = "<group>"; };
		3D9C432A2274629C000A6585 /* Assets.xcassets */ = {isa = PBXFileReference; lastKnownFileType = folder.assetcatalog; path = Assets.xcassets; sourceTree = "<group>"; };
		3D9C432D2274629C000A6585 /* Base */ = {isa = PBXFileReference; lastKnownFileType = file.storyboard; name = Base; path = Base.lproj/LaunchScreen.storyboard; sourceTree = "<group>"; };
		3D9C432F2274629C000A6585 /* Info.plist */ = {isa = PBXFileReference; lastKnownFileType = text.plist.xml; path = Info.plist; sourceTree = "<group>"; };
		3DF6F6282315616D00706C4E /* main.yml */ = {isa = PBXFileReference; lastKnownFileType = text; name = main.yml; path = .github/workflows/main.yml; sourceTree = SOURCE_ROOT; };
		41474F8E244BAC5600C3D066 /* MemoryStorage.swift */ = {isa = PBXFileReference; fileEncoding = 4; lastKnownFileType = sourcecode.swift; path = MemoryStorage.swift; sourceTree = "<group>"; };
		41474F8F244BAC5600C3D066 /* DiskStorage.swift */ = {isa = PBXFileReference; fileEncoding = 4; lastKnownFileType = sourcecode.swift; path = DiskStorage.swift; sourceTree = "<group>"; };
		41474F90244BAC5600C3D066 /* UserDefaultsStorage.swift */ = {isa = PBXFileReference; fileEncoding = 4; lastKnownFileType = sourcecode.swift; path = UserDefaultsStorage.swift; sourceTree = "<group>"; };
		41474F92244BAC5600C3D066 /* ObjectDescriptor.swift */ = {isa = PBXFileReference; fileEncoding = 4; lastKnownFileType = sourcecode.swift; path = ObjectDescriptor.swift; sourceTree = "<group>"; };
		41474F93244BAC5600C3D066 /* StorageRemovable.swift */ = {isa = PBXFileReference; fileEncoding = 4; lastKnownFileType = sourcecode.swift; path = StorageRemovable.swift; sourceTree = "<group>"; };
		41474F94244BAC5600C3D066 /* StorageWritable.swift */ = {isa = PBXFileReference; fileEncoding = 4; lastKnownFileType = sourcecode.swift; path = StorageWritable.swift; sourceTree = "<group>"; };
		41474F95244BAC5600C3D066 /* CacheStorable.swift */ = {isa = PBXFileReference; fileEncoding = 4; lastKnownFileType = sourcecode.swift; path = CacheStorable.swift; sourceTree = "<group>"; };
		41474F96244BAC5600C3D066 /* Identifiable.swift */ = {isa = PBXFileReference; fileEncoding = 4; lastKnownFileType = sourcecode.swift; path = Identifiable.swift; sourceTree = "<group>"; };
		41474F97244BAC5600C3D066 /* StorageReadable.swift */ = {isa = PBXFileReference; fileEncoding = 4; lastKnownFileType = sourcecode.swift; path = StorageReadable.swift; sourceTree = "<group>"; };
		41474F99244BAC5600C3D066 /* StorageError.swift */ = {isa = PBXFileReference; fileEncoding = 4; lastKnownFileType = sourcecode.swift; path = StorageError.swift; sourceTree = "<group>"; };
		41474F9A244BAC5600C3D066 /* SorageDateDescriptor.swift */ = {isa = PBXFileReference; fileEncoding = 4; lastKnownFileType = sourcecode.swift; path = SorageDateDescriptor.swift; sourceTree = "<group>"; };
		41474FC7244BAC7300C3D066 /* DiskStorageTest.swift */ = {isa = PBXFileReference; fileEncoding = 4; lastKnownFileType = sourcecode.swift; path = DiskStorageTest.swift; sourceTree = "<group>"; };
		41474FC8244BAC7300C3D066 /* MemoryStorageTest.swift */ = {isa = PBXFileReference; fileEncoding = 4; lastKnownFileType = sourcecode.swift; path = MemoryStorageTest.swift; sourceTree = "<group>"; };
		41474FC9244BAC7300C3D066 /* UserDefaultsStorageTest.swift */ = {isa = PBXFileReference; fileEncoding = 4; lastKnownFileType = sourcecode.swift; path = UserDefaultsStorageTest.swift; sourceTree = "<group>"; };
		41474FCB244BAC7300C3D066 /* PostMock.swift */ = {isa = PBXFileReference; fileEncoding = 4; lastKnownFileType = sourcecode.swift; path = PostMock.swift; sourceTree = "<group>"; };
		41C528F92454E2B000A23635 /* CacheBacked.swift */ = {isa = PBXFileReference; lastKnownFileType = sourcecode.swift; path = CacheBacked.swift; sourceTree = "<group>"; };
/* End PBXFileReference section */

/* Begin PBXFrameworksBuildPhase section */
		3D9C428D22745894000A6585 /* Frameworks */ = {
			isa = PBXFrameworksBuildPhase;
			buildActionMask = 2147483647;
			files = (
			);
			runOnlyForDeploymentPostprocessing = 0;
		};
		3D9C42A62274599D000A6585 /* Frameworks */ = {
			isa = PBXFrameworksBuildPhase;
			buildActionMask = 2147483647;
			files = (
			);
			runOnlyForDeploymentPostprocessing = 0;
		};
		3D9C42B4227459D6000A6585 /* Frameworks */ = {
			isa = PBXFrameworksBuildPhase;
			buildActionMask = 2147483647;
			files = (
			);
			runOnlyForDeploymentPostprocessing = 0;
		};
		3D9C42C222745A07000A6585 /* Frameworks */ = {
			isa = PBXFrameworksBuildPhase;
			buildActionMask = 2147483647;
			files = (
			);
			runOnlyForDeploymentPostprocessing = 0;
		};
		3D9C42EE2274604A000A6585 /* Frameworks */ = {
			isa = PBXFrameworksBuildPhase;
			buildActionMask = 2147483647;
			files = (
				3D9C42F62274604A000A6585 /* CodablePersist.framework in Frameworks */,
			);
			runOnlyForDeploymentPostprocessing = 0;
		};
		3D9C42FE2274611B000A6585 /* Frameworks */ = {
			isa = PBXFrameworksBuildPhase;
			buildActionMask = 2147483647;
			files = (
				3D9C43062274611B000A6585 /* CodablePersist.framework in Frameworks */,
			);
			runOnlyForDeploymentPostprocessing = 0;
		};
		3D9C430E22746198000A6585 /* Frameworks */ = {
			isa = PBXFrameworksBuildPhase;
			buildActionMask = 2147483647;
			files = (
				3D9C431622746198000A6585 /* CodablePersist.framework in Frameworks */,
			);
			runOnlyForDeploymentPostprocessing = 0;
		};
		3D9C431E2274629B000A6585 /* Frameworks */ = {
			isa = PBXFrameworksBuildPhase;
			buildActionMask = 2147483647;
			files = (
				3D9C433422746323000A6585 /* CodablePersist.framework in Frameworks */,
			);
			runOnlyForDeploymentPostprocessing = 0;
		};
/* End PBXFrameworksBuildPhase section */

/* Begin PBXGroup section */
		3D9C428622745894000A6585 = {
			isa = PBXGroup;
			children = (
				3D9C42A0227458FA000A6585 /* Sources */,
				3D9C42A32274595F000A6585 /* Tests */,
				3D9C43222274629B000A6585 /* Example */,
				3D9C429B227458E8000A6585 /* Configs */,
				3D9C429122745894000A6585 /* Products */,
			);
			sourceTree = "<group>";
		};
		3D9C429122745894000A6585 /* Products */ = {
			isa = PBXGroup;
			children = (
				3D9C429022745894000A6585 /* CodablePersist.framework */,
				3D9C42A92274599D000A6585 /* CodablePersist.framework */,
				3D9C42B7227459D6000A6585 /* CodablePersist.framework */,
				3D9C42C522745A07000A6585 /* CodablePersist.framework */,
				3D9C42F12274604A000A6585 /* CodablePersist-iOSTests.xctest */,
				3D9C43012274611B000A6585 /* CodablePersist-tvOSTests.xctest */,
				3D9C431122746198000A6585 /* CodablePersist-macOSTests.xctest */,
				3D9C43212274629B000A6585 /* Example.app */,
			);
			name = Products;
			sourceTree = "<group>";
		};
		3D9C429B227458E8000A6585 /* Configs */ = {
			isa = PBXGroup;
			children = (
				3D9C429C227458E8000A6585 /* CodablePersist.plist */,
				3D9C429D227458E8000A6585 /* CodablePersistTests.plist */,
				3D9C42D422745B48000A6585 /* CodablePersist.podspec */,
				3D9C42D322745B48000A6585 /* Package.swift */,
				3D9C42D622745C9D000A6585 /* Fastfile */,
				3D9C42D222745B48000A6585 /* LICENSE */,
				3D9C42D522745B48000A6585 /* README.md */,
				3D9C42DB22745DB0000A6585 /* .gitignore */,
				3D9C42D822745DAF000A6585 /* .jazzy.yaml */,
				3D9C42D922745DAF000A6585 /* .swiftlint.yml */,
				3DF6F6282315616D00706C4E /* main.yml */,
			);
			path = Configs;
			sourceTree = "<group>";
		};
		3D9C42A0227458FA000A6585 /* Sources */ = {
			isa = PBXGroup;
			children = (
				41474F91244BAC5600C3D066 /* Core */,
				41474F98244BAC5600C3D066 /* Helpers */,
				41474F8D244BAC5600C3D066 /* Storage */,
			);
			path = Sources;
			sourceTree = "<group>";
		};
		3D9C42A32274595F000A6585 /* Tests */ = {
			isa = PBXGroup;
			children = (
				41474FC7244BAC7300C3D066 /* DiskStorageTest.swift */,
				41474FC8244BAC7300C3D066 /* MemoryStorageTest.swift */,
				41474FC9244BAC7300C3D066 /* UserDefaultsStorageTest.swift */,
				41474FCA244BAC7300C3D066 /* Mock */,
			);
			path = Tests;
			sourceTree = "<group>";
		};
		3D9C43222274629B000A6585 /* Example */ = {
			isa = PBXGroup;
			children = (
				3D9C43232274629B000A6585 /* AppDelegate.swift */,
				3D9C43252274629B000A6585 /* ViewController.swift */,
				3D9C4333227462B9000A6585 /* Resources */,
			);
			path = Example;
			sourceTree = "<group>";
		};
		3D9C4333227462B9000A6585 /* Resources */ = {
			isa = PBXGroup;
			children = (
				3D9C432A2274629C000A6585 /* Assets.xcassets */,
				3D9C432C2274629C000A6585 /* LaunchScreen.storyboard */,
				3D9C432F2274629C000A6585 /* Info.plist */,
			);
			path = Resources;
			sourceTree = "<group>";
		};
		41474F8D244BAC5600C3D066 /* Storage */ = {
			isa = PBXGroup;
			children = (
				41474F8E244BAC5600C3D066 /* MemoryStorage.swift */,
				41474F8F244BAC5600C3D066 /* DiskStorage.swift */,
				41474F90244BAC5600C3D066 /* UserDefaultsStorage.swift */,
			);
			path = Storage;
			sourceTree = "<group>";
		};
		41474F91244BAC5600C3D066 /* Core */ = {
			isa = PBXGroup;
			children = (
				41474F92244BAC5600C3D066 /* ObjectDescriptor.swift */,
				41474F93244BAC5600C3D066 /* StorageRemovable.swift */,
				41474F94244BAC5600C3D066 /* StorageWritable.swift */,
				41474F95244BAC5600C3D066 /* CacheStorable.swift */,
				41474F96244BAC5600C3D066 /* Identifiable.swift */,
				41474F97244BAC5600C3D066 /* StorageReadable.swift */,
				41C528F92454E2B000A23635 /* CacheBacked.swift */,
			);
			path = Core;
			sourceTree = "<group>";
		};
		41474F98244BAC5600C3D066 /* Helpers */ = {
			isa = PBXGroup;
			children = (
				41474F99244BAC5600C3D066 /* StorageError.swift */,
				41474F9A244BAC5600C3D066 /* SorageDateDescriptor.swift */,
			);
			path = Helpers;
			sourceTree = "<group>";
		};
		41474FCA244BAC7300C3D066 /* Mock */ = {
			isa = PBXGroup;
			children = (
				41474FCB244BAC7300C3D066 /* PostMock.swift */,
			);
			path = Mock;
			sourceTree = "<group>";
		};
/* End PBXGroup section */

/* Begin PBXHeadersBuildPhase section */
		3D9C428B22745894000A6585 /* Headers */ = {
			isa = PBXHeadersBuildPhase;
			buildActionMask = 2147483647;
			files = (
			);
			runOnlyForDeploymentPostprocessing = 0;
		};
		3D9C42A42274599D000A6585 /* Headers */ = {
			isa = PBXHeadersBuildPhase;
			buildActionMask = 2147483647;
			files = (
			);
			runOnlyForDeploymentPostprocessing = 0;
		};
		3D9C42B2227459D6000A6585 /* Headers */ = {
			isa = PBXHeadersBuildPhase;
			buildActionMask = 2147483647;
			files = (
			);
			runOnlyForDeploymentPostprocessing = 0;
		};
		3D9C42C022745A07000A6585 /* Headers */ = {
			isa = PBXHeadersBuildPhase;
			buildActionMask = 2147483647;
			files = (
			);
			runOnlyForDeploymentPostprocessing = 0;
		};
/* End PBXHeadersBuildPhase section */

/* Begin PBXNativeTarget section */
		3D9C428F22745894000A6585 /* CodablePersist-iOS */ = {
			isa = PBXNativeTarget;
			buildConfigurationList = 3D9C429822745894000A6585 /* Build configuration list for PBXNativeTarget "CodablePersist-iOS" */;
			buildPhases = (
				3D9C428B22745894000A6585 /* Headers */,
				3D9C428C22745894000A6585 /* Sources */,
				3D9C428D22745894000A6585 /* Frameworks */,
				3D9C428E22745894000A6585 /* Resources */,
				3D9C42CE22745AEA000A6585 /* Run SwiftLint */,
			);
			buildRules = (
			);
			dependencies = (
			);
			name = "CodablePersist-iOS";
			productName = CodablePersist;
			productReference = 3D9C429022745894000A6585 /* CodablePersist.framework */;
			productType = "com.apple.product-type.framework";
		};
		3D9C42A82274599D000A6585 /* CodablePersist-tvOS */ = {
			isa = PBXNativeTarget;
			buildConfigurationList = 3D9C42AE2274599D000A6585 /* Build configuration list for PBXNativeTarget "CodablePersist-tvOS" */;
			buildPhases = (
				3D9C42A42274599D000A6585 /* Headers */,
				3D9C42A52274599D000A6585 /* Sources */,
				3D9C42A62274599D000A6585 /* Frameworks */,
				3D9C42A72274599D000A6585 /* Resources */,
				3D9C42CF22745AF5000A6585 /* Run SwiftLint */,
			);
			buildRules = (
			);
			dependencies = (
			);
			name = "CodablePersist-tvOS";
			productName = "CodablePersist-tvOS";
			productReference = 3D9C42A92274599D000A6585 /* CodablePersist.framework */;
			productType = "com.apple.product-type.framework";
		};
		3D9C42B6227459D6000A6585 /* CodablePersist-watchOS */ = {
			isa = PBXNativeTarget;
			buildConfigurationList = 3D9C42BC227459D6000A6585 /* Build configuration list for PBXNativeTarget "CodablePersist-watchOS" */;
			buildPhases = (
				3D9C42B2227459D6000A6585 /* Headers */,
				3D9C42B3227459D6000A6585 /* Sources */,
				3D9C42B4227459D6000A6585 /* Frameworks */,
				3D9C42B5227459D6000A6585 /* Resources */,
				3D9C42D022745AFE000A6585 /* Run SwiftLint */,
			);
			buildRules = (
			);
			dependencies = (
			);
			name = "CodablePersist-watchOS";
			productName = "CodablePersist-watchOS";
			productReference = 3D9C42B7227459D6000A6585 /* CodablePersist.framework */;
			productType = "com.apple.product-type.framework";
		};
		3D9C42C422745A07000A6585 /* CodablePersist-macOS */ = {
			isa = PBXNativeTarget;
			buildConfigurationList = 3D9C42CA22745A07000A6585 /* Build configuration list for PBXNativeTarget "CodablePersist-macOS" */;
			buildPhases = (
				3D9C42C022745A07000A6585 /* Headers */,
				3D9C42C122745A07000A6585 /* Sources */,
				3D9C42C222745A07000A6585 /* Frameworks */,
				3D9C42C322745A07000A6585 /* Resources */,
				3D9C42D122745B08000A6585 /* Run SwiftLint */,
			);
			buildRules = (
			);
			dependencies = (
			);
			name = "CodablePersist-macOS";
			productName = "CodablePersist-macOS";
			productReference = 3D9C42C522745A07000A6585 /* CodablePersist.framework */;
			productType = "com.apple.product-type.framework";
		};
		3D9C42F02274604A000A6585 /* CodablePersist-iOSTests */ = {
			isa = PBXNativeTarget;
			buildConfigurationList = 3D9C42F92274604A000A6585 /* Build configuration list for PBXNativeTarget "CodablePersist-iOSTests" */;
			buildPhases = (
				3D9C42ED2274604A000A6585 /* Sources */,
				3D9C42EE2274604A000A6585 /* Frameworks */,
				3D9C42EF2274604A000A6585 /* Resources */,
			);
			buildRules = (
			);
			dependencies = (
				3D9C42F82274604A000A6585 /* PBXTargetDependency */,
			);
			name = "CodablePersist-iOSTests";
			productName = "CodablePersist-iOSTests";
			productReference = 3D9C42F12274604A000A6585 /* CodablePersist-iOSTests.xctest */;
			productType = "com.apple.product-type.bundle.unit-test";
		};
		3D9C43002274611B000A6585 /* CodablePersist-tvOSTests */ = {
			isa = PBXNativeTarget;
			buildConfigurationList = 3D9C43092274611B000A6585 /* Build configuration list for PBXNativeTarget "CodablePersist-tvOSTests" */;
			buildPhases = (
				3D9C42FD2274611B000A6585 /* Sources */,
				3D9C42FE2274611B000A6585 /* Frameworks */,
				3D9C42FF2274611B000A6585 /* Resources */,
			);
			buildRules = (
			);
			dependencies = (
				3D9C43082274611B000A6585 /* PBXTargetDependency */,
			);
			name = "CodablePersist-tvOSTests";
			productName = "CodablePersist-tvOSTests";
			productReference = 3D9C43012274611B000A6585 /* CodablePersist-tvOSTests.xctest */;
			productType = "com.apple.product-type.bundle.unit-test";
		};
		3D9C431022746198000A6585 /* CodablePersist-macOSTests */ = {
			isa = PBXNativeTarget;
			buildConfigurationList = 3D9C431922746198000A6585 /* Build configuration list for PBXNativeTarget "CodablePersist-macOSTests" */;
			buildPhases = (
				3D9C430D22746198000A6585 /* Sources */,
				3D9C430E22746198000A6585 /* Frameworks */,
				3D9C430F22746198000A6585 /* Resources */,
			);
			buildRules = (
			);
			dependencies = (
				3D9C431822746198000A6585 /* PBXTargetDependency */,
			);
			name = "CodablePersist-macOSTests";
			productName = "CodablePersist-macOSTests";
			productReference = 3D9C431122746198000A6585 /* CodablePersist-macOSTests.xctest */;
			productType = "com.apple.product-type.bundle.unit-test";
		};
		3D9C43202274629B000A6585 /* Example */ = {
			isa = PBXNativeTarget;
			buildConfigurationList = 3D9C43302274629C000A6585 /* Build configuration list for PBXNativeTarget "Example" */;
			buildPhases = (
				3D9C431D2274629B000A6585 /* Sources */,
				3D9C431E2274629B000A6585 /* Frameworks */,
				3D9C431F2274629B000A6585 /* Resources */,
				3D9C433822746323000A6585 /* Embed Frameworks */,
			);
			buildRules = (
			);
			dependencies = (
				3D9C433722746323000A6585 /* PBXTargetDependency */,
			);
			name = Example;
			productName = Example;
			productReference = 3D9C43212274629B000A6585 /* Example.app */;
			productType = "com.apple.product-type.application";
		};
/* End PBXNativeTarget section */

/* Begin PBXProject section */
		3D9C428722745894000A6585 /* Project object */ = {
			isa = PBXProject;
			attributes = {
				LastSwiftUpdateCheck = 1020;
				LastUpgradeCheck = 1020;
				ORGANIZATIONNAME = AliHilal;
				TargetAttributes = {
					3D9C428F22745894000A6585 = {
						CreatedOnToolsVersion = 10.2.1;
						LastSwiftMigration = 1020;
					};
					3D9C42A82274599D000A6585 = {
						CreatedOnToolsVersion = 10.2.1;
					};
					3D9C42B6227459D6000A6585 = {
						CreatedOnToolsVersion = 10.2.1;
					};
					3D9C42C422745A07000A6585 = {
						CreatedOnToolsVersion = 10.2.1;
					};
					3D9C42F02274604A000A6585 = {
						CreatedOnToolsVersion = 10.2.1;
						LastSwiftMigration = 1140;
					};
					3D9C43002274611B000A6585 = {
						CreatedOnToolsVersion = 10.2.1;
						LastSwiftMigration = 1140;
					};
					3D9C431022746198000A6585 = {
						CreatedOnToolsVersion = 10.2.1;
						LastSwiftMigration = 1140;
					};
					3D9C43202274629B000A6585 = {
						CreatedOnToolsVersion = 10.2.1;
					};
				};
			};
			buildConfigurationList = 3D9C428A22745894000A6585 /* Build configuration list for PBXProject "CodablePersist" */;
			compatibilityVersion = "Xcode 9.3";
			developmentRegion = en;
			hasScannedForEncodings = 0;
			knownRegions = (
				en,
				Base,
			);
			mainGroup = 3D9C428622745894000A6585;
			productRefGroup = 3D9C429122745894000A6585 /* Products */;
			projectDirPath = "";
			projectRoot = "";
			targets = (
				3D9C428F22745894000A6585 /* CodablePersist-iOS */,
				3D9C42A82274599D000A6585 /* CodablePersist-tvOS */,
				3D9C42B6227459D6000A6585 /* CodablePersist-watchOS */,
				3D9C42C422745A07000A6585 /* CodablePersist-macOS */,
				3D9C42F02274604A000A6585 /* CodablePersist-iOSTests */,
				3D9C43002274611B000A6585 /* CodablePersist-tvOSTests */,
				3D9C431022746198000A6585 /* CodablePersist-macOSTests */,
				3D9C43202274629B000A6585 /* Example */,
			);
		};
/* End PBXProject section */

/* Begin PBXResourcesBuildPhase section */
		3D9C428E22745894000A6585 /* Resources */ = {
			isa = PBXResourcesBuildPhase;
			buildActionMask = 2147483647;
			files = (
			);
			runOnlyForDeploymentPostprocessing = 0;
		};
		3D9C42A72274599D000A6585 /* Resources */ = {
			isa = PBXResourcesBuildPhase;
			buildActionMask = 2147483647;
			files = (
			);
			runOnlyForDeploymentPostprocessing = 0;
		};
		3D9C42B5227459D6000A6585 /* Resources */ = {
			isa = PBXResourcesBuildPhase;
			buildActionMask = 2147483647;
			files = (
			);
			runOnlyForDeploymentPostprocessing = 0;
		};
		3D9C42C322745A07000A6585 /* Resources */ = {
			isa = PBXResourcesBuildPhase;
			buildActionMask = 2147483647;
			files = (
			);
			runOnlyForDeploymentPostprocessing = 0;
		};
		3D9C42EF2274604A000A6585 /* Resources */ = {
			isa = PBXResourcesBuildPhase;
			buildActionMask = 2147483647;
			files = (
			);
			runOnlyForDeploymentPostprocessing = 0;
		};
		3D9C42FF2274611B000A6585 /* Resources */ = {
			isa = PBXResourcesBuildPhase;
			buildActionMask = 2147483647;
			files = (
			);
			runOnlyForDeploymentPostprocessing = 0;
		};
		3D9C430F22746198000A6585 /* Resources */ = {
			isa = PBXResourcesBuildPhase;
			buildActionMask = 2147483647;
			files = (
			);
			runOnlyForDeploymentPostprocessing = 0;
		};
		3D9C431F2274629B000A6585 /* Resources */ = {
			isa = PBXResourcesBuildPhase;
			buildActionMask = 2147483647;
			files = (
				3D9C432E2274629C000A6585 /* LaunchScreen.storyboard in Resources */,
				3D9C432B2274629C000A6585 /* Assets.xcassets in Resources */,
			);
			runOnlyForDeploymentPostprocessing = 0;
		};
/* End PBXResourcesBuildPhase section */

/* Begin PBXShellScriptBuildPhase section */
		3D9C42CE22745AEA000A6585 /* Run SwiftLint */ = {
			isa = PBXShellScriptBuildPhase;
			buildActionMask = 2147483647;
			files = (
			);
			inputFileListPaths = (
			);
			inputPaths = (
			);
			name = "Run SwiftLint";
			outputFileListPaths = (
			);
			outputPaths = (
			);
			runOnlyForDeploymentPostprocessing = 0;
			shellPath = /bin/sh;
			shellScript = "if which swiftlint >/dev/null; then\nswiftlint\nelse\necho \"warning: SwiftLint not installed, download from https://github.com/realm/SwiftLint\"\nfi\n";
		};
		3D9C42CF22745AF5000A6585 /* Run SwiftLint */ = {
			isa = PBXShellScriptBuildPhase;
			buildActionMask = 2147483647;
			files = (
			);
			inputFileListPaths = (
			);
			inputPaths = (
			);
			name = "Run SwiftLint";
			outputFileListPaths = (
			);
			outputPaths = (
			);
			runOnlyForDeploymentPostprocessing = 0;
			shellPath = /bin/sh;
			shellScript = "if which swiftlint >/dev/null; then\nswiftlint\nelse\necho \"warning: SwiftLint not installed, download from https://github.com/realm/SwiftLint\"\nfi\n";
		};
		3D9C42D022745AFE000A6585 /* Run SwiftLint */ = {
			isa = PBXShellScriptBuildPhase;
			buildActionMask = 2147483647;
			files = (
			);
			inputFileListPaths = (
			);
			inputPaths = (
			);
			name = "Run SwiftLint";
			outputFileListPaths = (
			);
			outputPaths = (
			);
			runOnlyForDeploymentPostprocessing = 0;
			shellPath = /bin/sh;
			shellScript = "if which swiftlint >/dev/null; then\nswiftlint\nelse\necho \"warning: SwiftLint not installed, download from https://github.com/realm/SwiftLint\"\nfi\n";
		};
		3D9C42D122745B08000A6585 /* Run SwiftLint */ = {
			isa = PBXShellScriptBuildPhase;
			buildActionMask = 2147483647;
			files = (
			);
			inputFileListPaths = (
			);
			inputPaths = (
			);
			name = "Run SwiftLint";
			outputFileListPaths = (
			);
			outputPaths = (
			);
			runOnlyForDeploymentPostprocessing = 0;
			shellPath = /bin/sh;
			shellScript = "if which swiftlint >/dev/null; then\nswiftlint\nelse\necho \"warning: SwiftLint not installed, download from https://github.com/realm/SwiftLint\"\nfi\n";
		};
/* End PBXShellScriptBuildPhase section */

/* Begin PBXSourcesBuildPhase section */
		3D9C428C22745894000A6585 /* Sources */ = {
			isa = PBXSourcesBuildPhase;
			buildActionMask = 2147483647;
			files = (
				41474FBF244BAC5600C3D066 /* StorageError.swift in Sources */,
				41474F9F244BAC5600C3D066 /* DiskStorage.swift in Sources */,
				41474FA3244BAC5600C3D066 /* UserDefaultsStorage.swift in Sources */,
				41474FC3244BAC5600C3D066 /* SorageDateDescriptor.swift in Sources */,
				41474FAB244BAC5600C3D066 /* StorageRemovable.swift in Sources */,
				41474FB3244BAC5600C3D066 /* CacheStorable.swift in Sources */,
				41474FAF244BAC5600C3D066 /* StorageWritable.swift in Sources */,
				41474FB7244BAC5600C3D066 /* Identifiable.swift in Sources */,
				41474F9B244BAC5600C3D066 /* MemoryStorage.swift in Sources */,
				41474FBB244BAC5600C3D066 /* StorageReadable.swift in Sources */,
				41C528FA2454E2B000A23635 /* CacheBacked.swift in Sources */,
				41474FA7244BAC5600C3D066 /* ObjectDescriptor.swift in Sources */,
			);
			runOnlyForDeploymentPostprocessing = 0;
		};
		3D9C42A52274599D000A6585 /* Sources */ = {
			isa = PBXSourcesBuildPhase;
			buildActionMask = 2147483647;
			files = (
				41474FC0244BAC5600C3D066 /* StorageError.swift in Sources */,
				41474FA0244BAC5600C3D066 /* DiskStorage.swift in Sources */,
				41474FA4244BAC5600C3D066 /* UserDefaultsStorage.swift in Sources */,
				41474FC4244BAC5600C3D066 /* SorageDateDescriptor.swift in Sources */,
				41474FAC244BAC5600C3D066 /* StorageRemovable.swift in Sources */,
				41474FB4244BAC5600C3D066 /* CacheStorable.swift in Sources */,
				41474FB0244BAC5600C3D066 /* StorageWritable.swift in Sources */,
				41474FB8244BAC5600C3D066 /* Identifiable.swift in Sources */,
				41474F9C244BAC5600C3D066 /* MemoryStorage.swift in Sources */,
				41474FBC244BAC5600C3D066 /* StorageReadable.swift in Sources */,
				41474FA8244BAC5600C3D066 /* ObjectDescriptor.swift in Sources */,
			);
			runOnlyForDeploymentPostprocessing = 0;
		};
		3D9C42B3227459D6000A6585 /* Sources */ = {
			isa = PBXSourcesBuildPhase;
			buildActionMask = 2147483647;
			files = (
				41474FC1244BAC5600C3D066 /* StorageError.swift in Sources */,
				41474FA1244BAC5600C3D066 /* DiskStorage.swift in Sources */,
				41474FA5244BAC5600C3D066 /* UserDefaultsStorage.swift in Sources */,
				41474FC5244BAC5600C3D066 /* SorageDateDescriptor.swift in Sources */,
				41474FAD244BAC5600C3D066 /* StorageRemovable.swift in Sources */,
				41474FB5244BAC5600C3D066 /* CacheStorable.swift in Sources */,
				41474FB1244BAC5600C3D066 /* StorageWritable.swift in Sources */,
				41474FB9244BAC5600C3D066 /* Identifiable.swift in Sources */,
				41474F9D244BAC5600C3D066 /* MemoryStorage.swift in Sources */,
				41474FBD244BAC5600C3D066 /* StorageReadable.swift in Sources */,
				41474FA9244BAC5600C3D066 /* ObjectDescriptor.swift in Sources */,
			);
			runOnlyForDeploymentPostprocessing = 0;
		};
		3D9C42C122745A07000A6585 /* Sources */ = {
			isa = PBXSourcesBuildPhase;
			buildActionMask = 2147483647;
			files = (
				41474FC2244BAC5600C3D066 /* StorageError.swift in Sources */,
				41474FA2244BAC5600C3D066 /* DiskStorage.swift in Sources */,
				41474FA6244BAC5600C3D066 /* UserDefaultsStorage.swift in Sources */,
				41474FC6244BAC5600C3D066 /* SorageDateDescriptor.swift in Sources */,
				41474FAE244BAC5600C3D066 /* StorageRemovable.swift in Sources */,
				41474FB6244BAC5600C3D066 /* CacheStorable.swift in Sources */,
				41474FB2244BAC5600C3D066 /* StorageWritable.swift in Sources */,
				41474FBA244BAC5600C3D066 /* Identifiable.swift in Sources */,
				41474F9E244BAC5600C3D066 /* MemoryStorage.swift in Sources */,
				41474FBE244BAC5600C3D066 /* StorageReadable.swift in Sources */,
				41474FAA244BAC5600C3D066 /* ObjectDescriptor.swift in Sources */,
			);
			runOnlyForDeploymentPostprocessing = 0;
		};
		3D9C42ED2274604A000A6585 /* Sources */ = {
			isa = PBXSourcesBuildPhase;
			buildActionMask = 2147483647;
			files = (
				41474FD2244BAC7300C3D066 /* UserDefaultsStorageTest.swift in Sources */,
				41474FD5244BAC7300C3D066 /* PostMock.swift in Sources */,
				41474FCF244BAC7300C3D066 /* MemoryStorageTest.swift in Sources */,
				41474FCC244BAC7300C3D066 /* DiskStorageTest.swift in Sources */,
			);
			runOnlyForDeploymentPostprocessing = 0;
		};
		3D9C42FD2274611B000A6585 /* Sources */ = {
			isa = PBXSourcesBuildPhase;
			buildActionMask = 2147483647;
			files = (
				41474FD3244BAC7300C3D066 /* UserDefaultsStorageTest.swift in Sources */,
				41474FD6244BAC7300C3D066 /* PostMock.swift in Sources */,
				41474FD0244BAC7300C3D066 /* MemoryStorageTest.swift in Sources */,
				41474FCD244BAC7300C3D066 /* DiskStorageTest.swift in Sources */,
			);
			runOnlyForDeploymentPostprocessing = 0;
		};
		3D9C430D22746198000A6585 /* Sources */ = {
			isa = PBXSourcesBuildPhase;
			buildActionMask = 2147483647;
			files = (
				41474FD4244BAC7300C3D066 /* UserDefaultsStorageTest.swift in Sources */,
				41474FD7244BAC7300C3D066 /* PostMock.swift in Sources */,
				41474FD1244BAC7300C3D066 /* MemoryStorageTest.swift in Sources */,
				41474FCE244BAC7300C3D066 /* DiskStorageTest.swift in Sources */,
			);
			runOnlyForDeploymentPostprocessing = 0;
		};
		3D9C431D2274629B000A6585 /* Sources */ = {
			isa = PBXSourcesBuildPhase;
			buildActionMask = 2147483647;
			files = (
				3D9C43262274629B000A6585 /* ViewController.swift in Sources */,
				3D9C43242274629B000A6585 /* AppDelegate.swift in Sources */,
			);
			runOnlyForDeploymentPostprocessing = 0;
		};
/* End PBXSourcesBuildPhase section */

/* Begin PBXTargetDependency section */
		3D9C42F82274604A000A6585 /* PBXTargetDependency */ = {
			isa = PBXTargetDependency;
			target = 3D9C428F22745894000A6585 /* CodablePersist-iOS */;
			targetProxy = 3D9C42F72274604A000A6585 /* PBXContainerItemProxy */;
		};
		3D9C43082274611B000A6585 /* PBXTargetDependency */ = {
			isa = PBXTargetDependency;
			target = 3D9C42A82274599D000A6585 /* CodablePersist-tvOS */;
			targetProxy = 3D9C43072274611B000A6585 /* PBXContainerItemProxy */;
		};
		3D9C431822746198000A6585 /* PBXTargetDependency */ = {
			isa = PBXTargetDependency;
			target = 3D9C42C422745A07000A6585 /* CodablePersist-macOS */;
			targetProxy = 3D9C431722746198000A6585 /* PBXContainerItemProxy */;
		};
		3D9C433722746323000A6585 /* PBXTargetDependency */ = {
			isa = PBXTargetDependency;
			target = 3D9C428F22745894000A6585 /* CodablePersist-iOS */;
			targetProxy = 3D9C433622746323000A6585 /* PBXContainerItemProxy */;
		};
/* End PBXTargetDependency section */

/* Begin PBXVariantGroup section */
		3D9C432C2274629C000A6585 /* LaunchScreen.storyboard */ = {
			isa = PBXVariantGroup;
			children = (
				3D9C432D2274629C000A6585 /* Base */,
			);
			name = LaunchScreen.storyboard;
			sourceTree = "<group>";
		};
/* End PBXVariantGroup section */

/* Begin XCBuildConfiguration section */
		3D9C429622745894000A6585 /* Debug */ = {
			isa = XCBuildConfiguration;
			buildSettings = {
				ALWAYS_SEARCH_USER_PATHS = NO;
				CLANG_ANALYZER_NONNULL = YES;
				CLANG_ANALYZER_NUMBER_OBJECT_CONVERSION = YES_AGGRESSIVE;
				CLANG_CXX_LANGUAGE_STANDARD = "gnu++14";
				CLANG_CXX_LIBRARY = "libc++";
				CLANG_ENABLE_MODULES = YES;
				CLANG_ENABLE_OBJC_ARC = YES;
				CLANG_ENABLE_OBJC_WEAK = YES;
				CLANG_WARN_BLOCK_CAPTURE_AUTORELEASING = YES;
				CLANG_WARN_BOOL_CONVERSION = YES;
				CLANG_WARN_COMMA = YES;
				CLANG_WARN_CONSTANT_CONVERSION = YES;
				CLANG_WARN_DEPRECATED_OBJC_IMPLEMENTATIONS = YES;
				CLANG_WARN_DIRECT_OBJC_ISA_USAGE = YES_ERROR;
				CLANG_WARN_DOCUMENTATION_COMMENTS = YES;
				CLANG_WARN_EMPTY_BODY = YES;
				CLANG_WARN_ENUM_CONVERSION = YES;
				CLANG_WARN_INFINITE_RECURSION = YES;
				CLANG_WARN_INT_CONVERSION = YES;
				CLANG_WARN_NON_LITERAL_NULL_CONVERSION = YES;
				CLANG_WARN_OBJC_IMPLICIT_RETAIN_SELF = YES;
				CLANG_WARN_OBJC_LITERAL_CONVERSION = YES;
				CLANG_WARN_OBJC_ROOT_CLASS = YES_ERROR;
				CLANG_WARN_RANGE_LOOP_ANALYSIS = YES;
				CLANG_WARN_STRICT_PROTOTYPES = YES;
				CLANG_WARN_SUSPICIOUS_MOVE = YES;
				CLANG_WARN_UNGUARDED_AVAILABILITY = YES_AGGRESSIVE;
				CLANG_WARN_UNREACHABLE_CODE = YES;
				CLANG_WARN__DUPLICATE_METHOD_MATCH = YES;
				CODE_SIGN_IDENTITY = "iPhone Developer";
				COPY_PHASE_STRIP = NO;
				CURRENT_PROJECT_VERSION = 1;
				DEBUG_INFORMATION_FORMAT = dwarf;
				ENABLE_STRICT_OBJC_MSGSEND = YES;
				ENABLE_TESTABILITY = YES;
				GCC_C_LANGUAGE_STANDARD = gnu11;
				GCC_DYNAMIC_NO_PIC = NO;
				GCC_NO_COMMON_BLOCKS = YES;
				GCC_OPTIMIZATION_LEVEL = 0;
				GCC_PREPROCESSOR_DEFINITIONS = (
					"DEBUG=1",
					"$(inherited)",
				);
				GCC_WARN_64_TO_32_BIT_CONVERSION = YES;
				GCC_WARN_ABOUT_RETURN_TYPE = YES_ERROR;
				GCC_WARN_UNDECLARED_SELECTOR = YES;
				GCC_WARN_UNINITIALIZED_AUTOS = YES_AGGRESSIVE;
				GCC_WARN_UNUSED_FUNCTION = YES;
				GCC_WARN_UNUSED_VARIABLE = YES;
				IPHONEOS_DEPLOYMENT_TARGET = 8.0;
				MACOSX_DEPLOYMENT_TARGET = 10.10;
				MTL_ENABLE_DEBUG_INFO = INCLUDE_SOURCE;
				MTL_FAST_MATH = YES;
				ONLY_ACTIVE_ARCH = YES;
				SDKROOT = iphoneos;
				SWIFT_ACTIVE_COMPILATION_CONDITIONS = DEBUG;
				SWIFT_OPTIMIZATION_LEVEL = "-Onone";
				SWIFT_VERSION = 5.0;
				VERSIONING_SYSTEM = "apple-generic";
				VERSION_INFO_PREFIX = "";
			};
			name = Debug;
		};
		3D9C429722745894000A6585 /* Release */ = {
			isa = XCBuildConfiguration;
			buildSettings = {
				ALWAYS_SEARCH_USER_PATHS = NO;
				CLANG_ANALYZER_NONNULL = YES;
				CLANG_ANALYZER_NUMBER_OBJECT_CONVERSION = YES_AGGRESSIVE;
				CLANG_CXX_LANGUAGE_STANDARD = "gnu++14";
				CLANG_CXX_LIBRARY = "libc++";
				CLANG_ENABLE_MODULES = YES;
				CLANG_ENABLE_OBJC_ARC = YES;
				CLANG_ENABLE_OBJC_WEAK = YES;
				CLANG_WARN_BLOCK_CAPTURE_AUTORELEASING = YES;
				CLANG_WARN_BOOL_CONVERSION = YES;
				CLANG_WARN_COMMA = YES;
				CLANG_WARN_CONSTANT_CONVERSION = YES;
				CLANG_WARN_DEPRECATED_OBJC_IMPLEMENTATIONS = YES;
				CLANG_WARN_DIRECT_OBJC_ISA_USAGE = YES_ERROR;
				CLANG_WARN_DOCUMENTATION_COMMENTS = YES;
				CLANG_WARN_EMPTY_BODY = YES;
				CLANG_WARN_ENUM_CONVERSION = YES;
				CLANG_WARN_INFINITE_RECURSION = YES;
				CLANG_WARN_INT_CONVERSION = YES;
				CLANG_WARN_NON_LITERAL_NULL_CONVERSION = YES;
				CLANG_WARN_OBJC_IMPLICIT_RETAIN_SELF = YES;
				CLANG_WARN_OBJC_LITERAL_CONVERSION = YES;
				CLANG_WARN_OBJC_ROOT_CLASS = YES_ERROR;
				CLANG_WARN_RANGE_LOOP_ANALYSIS = YES;
				CLANG_WARN_STRICT_PROTOTYPES = YES;
				CLANG_WARN_SUSPICIOUS_MOVE = YES;
				CLANG_WARN_UNGUARDED_AVAILABILITY = YES_AGGRESSIVE;
				CLANG_WARN_UNREACHABLE_CODE = YES;
				CLANG_WARN__DUPLICATE_METHOD_MATCH = YES;
				CODE_SIGN_IDENTITY = "iPhone Developer";
				COPY_PHASE_STRIP = NO;
				CURRENT_PROJECT_VERSION = 1;
				DEBUG_INFORMATION_FORMAT = "dwarf-with-dsym";
				ENABLE_NS_ASSERTIONS = NO;
				ENABLE_STRICT_OBJC_MSGSEND = YES;
				GCC_C_LANGUAGE_STANDARD = gnu11;
				GCC_NO_COMMON_BLOCKS = YES;
				GCC_WARN_64_TO_32_BIT_CONVERSION = YES;
				GCC_WARN_ABOUT_RETURN_TYPE = YES_ERROR;
				GCC_WARN_UNDECLARED_SELECTOR = YES;
				GCC_WARN_UNINITIALIZED_AUTOS = YES_AGGRESSIVE;
				GCC_WARN_UNUSED_FUNCTION = YES;
				GCC_WARN_UNUSED_VARIABLE = YES;
				IPHONEOS_DEPLOYMENT_TARGET = 8.0;
				MACOSX_DEPLOYMENT_TARGET = 10.10;
				MTL_ENABLE_DEBUG_INFO = NO;
				MTL_FAST_MATH = YES;
				SDKROOT = iphoneos;
				SWIFT_COMPILATION_MODE = wholemodule;
				SWIFT_OPTIMIZATION_LEVEL = "-O";
				SWIFT_VERSION = 5.0;
				VALIDATE_PRODUCT = YES;
				VERSIONING_SYSTEM = "apple-generic";
				VERSION_INFO_PREFIX = "";
			};
			name = Release;
		};
		3D9C429922745894000A6585 /* Debug */ = {
			isa = XCBuildConfiguration;
			buildSettings = {
				APPLICATION_EXTENSION_API_ONLY = YES;
				CLANG_ENABLE_MODULES = YES;
				CODE_SIGN_IDENTITY = "";
				CODE_SIGN_STYLE = Manual;
				DEFINES_MODULE = YES;
				DEVELOPMENT_TEAM = "";
				DYLIB_COMPATIBILITY_VERSION = 1;
				DYLIB_CURRENT_VERSION = 1;
				DYLIB_INSTALL_NAME_BASE = "@rpath";
				INFOPLIST_FILE = Configs/CodablePersist.plist;
				INSTALL_PATH = "$(LOCAL_LIBRARY_DIR)/Frameworks";
				IPHONEOS_DEPLOYMENT_TARGET = 8.0;
				LD_RUNPATH_SEARCH_PATHS = (
					"$(inherited)",
					"@executable_path/Frameworks",
					"@loader_path/Frameworks",
				);
				PRODUCT_BUNDLE_IDENTIFIER = "com.alihilal.CodablePersist-iOS";
				PRODUCT_NAME = CodablePersist;
				PROVISIONING_PROFILE_SPECIFIER = "";
				SKIP_INSTALL = YES;
				SWIFT_OPTIMIZATION_LEVEL = "-Onone";
				SWIFT_VERSION = 5.0;
				TARGETED_DEVICE_FAMILY = "1,2";
			};
			name = Debug;
		};
		3D9C429A22745894000A6585 /* Release */ = {
			isa = XCBuildConfiguration;
			buildSettings = {
				APPLICATION_EXTENSION_API_ONLY = YES;
				CLANG_ENABLE_MODULES = YES;
				CODE_SIGN_IDENTITY = "";
				CODE_SIGN_STYLE = Manual;
				DEFINES_MODULE = YES;
				DEVELOPMENT_TEAM = "";
				DYLIB_COMPATIBILITY_VERSION = 1;
				DYLIB_CURRENT_VERSION = 1;
				DYLIB_INSTALL_NAME_BASE = "@rpath";
				INFOPLIST_FILE = Configs/CodablePersist.plist;
				INSTALL_PATH = "$(LOCAL_LIBRARY_DIR)/Frameworks";
				IPHONEOS_DEPLOYMENT_TARGET = 8.0;
				LD_RUNPATH_SEARCH_PATHS = (
					"$(inherited)",
					"@executable_path/Frameworks",
					"@loader_path/Frameworks",
				);
				PRODUCT_BUNDLE_IDENTIFIER = "com.alihilal.CodablePersist-iOS";
				PRODUCT_NAME = CodablePersist;
				PROVISIONING_PROFILE_SPECIFIER = "";
				SKIP_INSTALL = YES;
				SWIFT_VERSION = 5.0;
				TARGETED_DEVICE_FAMILY = "1,2";
			};
			name = Release;
		};
		3D9C42AF2274599D000A6585 /* Debug */ = {
			isa = XCBuildConfiguration;
			buildSettings = {
				APPLICATION_EXTENSION_API_ONLY = YES;
				CODE_SIGN_IDENTITY = "";
				CODE_SIGN_STYLE = Manual;
				DEFINES_MODULE = YES;
				DEVELOPMENT_TEAM = "";
				DYLIB_COMPATIBILITY_VERSION = 1;
				DYLIB_CURRENT_VERSION = 1;
				DYLIB_INSTALL_NAME_BASE = "@rpath";
				INFOPLIST_FILE = Configs/CodablePersist.plist;
				INSTALL_PATH = "$(LOCAL_LIBRARY_DIR)/Frameworks";
				IPHONEOS_DEPLOYMENT_TARGET = 8.0;
				LD_RUNPATH_SEARCH_PATHS = (
					"$(inherited)",
					"@executable_path/Frameworks",
					"@loader_path/Frameworks",
				);
				PRODUCT_BUNDLE_IDENTIFIER = "com.alihilal.CodablePersist-tvOS";
				PRODUCT_NAME = CodablePersist;
				PROVISIONING_PROFILE_SPECIFIER = "";
				SDKROOT = appletvos;
				SKIP_INSTALL = YES;
				SWIFT_VERSION = 5.0;
				TARGETED_DEVICE_FAMILY = 3;
				TVOS_DEPLOYMENT_TARGET = 9.0;
			};
			name = Debug;
		};
		3D9C42B02274599D000A6585 /* Release */ = {
			isa = XCBuildConfiguration;
			buildSettings = {
				APPLICATION_EXTENSION_API_ONLY = YES;
				CODE_SIGN_IDENTITY = "";
				CODE_SIGN_STYLE = Manual;
				DEFINES_MODULE = YES;
				DEVELOPMENT_TEAM = "";
				DYLIB_COMPATIBILITY_VERSION = 1;
				DYLIB_CURRENT_VERSION = 1;
				DYLIB_INSTALL_NAME_BASE = "@rpath";
				INFOPLIST_FILE = Configs/CodablePersist.plist;
				INSTALL_PATH = "$(LOCAL_LIBRARY_DIR)/Frameworks";
				IPHONEOS_DEPLOYMENT_TARGET = 8.0;
				LD_RUNPATH_SEARCH_PATHS = (
					"$(inherited)",
					"@executable_path/Frameworks",
					"@loader_path/Frameworks",
				);
				PRODUCT_BUNDLE_IDENTIFIER = "com.alihilal.CodablePersist-tvOS";
				PRODUCT_NAME = CodablePersist;
				PROVISIONING_PROFILE_SPECIFIER = "";
				SDKROOT = appletvos;
				SKIP_INSTALL = YES;
				SWIFT_VERSION = 5.0;
				TARGETED_DEVICE_FAMILY = 3;
				TVOS_DEPLOYMENT_TARGET = 9.0;
			};
			name = Release;
		};
		3D9C42BD227459D6000A6585 /* Debug */ = {
			isa = XCBuildConfiguration;
			buildSettings = {
				APPLICATION_EXTENSION_API_ONLY = YES;
				CODE_SIGN_IDENTITY = "";
				CODE_SIGN_STYLE = Manual;
				DEFINES_MODULE = YES;
				DEVELOPMENT_TEAM = "";
				DYLIB_COMPATIBILITY_VERSION = 1;
				DYLIB_CURRENT_VERSION = 1;
				DYLIB_INSTALL_NAME_BASE = "@rpath";
				INFOPLIST_FILE = Configs/CodablePersist.plist;
				INSTALL_PATH = "$(LOCAL_LIBRARY_DIR)/Frameworks";
				IPHONEOS_DEPLOYMENT_TARGET = 8.0;
				LD_RUNPATH_SEARCH_PATHS = (
					"$(inherited)",
					"@executable_path/Frameworks",
					"@loader_path/Frameworks",
				);
				PRODUCT_BUNDLE_IDENTIFIER = "com.alihilal.CodablePersist-watchOS";
				PRODUCT_NAME = CodablePersist;
				PROVISIONING_PROFILE_SPECIFIER = "";
				SDKROOT = watchos;
				SKIP_INSTALL = YES;
				SWIFT_VERSION = 5.0;
				TARGETED_DEVICE_FAMILY = 4;
				WATCHOS_DEPLOYMENT_TARGET = 2.0;
			};
			name = Debug;
		};
		3D9C42BE227459D6000A6585 /* Release */ = {
			isa = XCBuildConfiguration;
			buildSettings = {
				APPLICATION_EXTENSION_API_ONLY = YES;
				CODE_SIGN_IDENTITY = "";
				CODE_SIGN_STYLE = Manual;
				DEFINES_MODULE = YES;
				DEVELOPMENT_TEAM = "";
				DYLIB_COMPATIBILITY_VERSION = 1;
				DYLIB_CURRENT_VERSION = 1;
				DYLIB_INSTALL_NAME_BASE = "@rpath";
				INFOPLIST_FILE = Configs/CodablePersist.plist;
				INSTALL_PATH = "$(LOCAL_LIBRARY_DIR)/Frameworks";
				IPHONEOS_DEPLOYMENT_TARGET = 8.0;
				LD_RUNPATH_SEARCH_PATHS = (
					"$(inherited)",
					"@executable_path/Frameworks",
					"@loader_path/Frameworks",
				);
				PRODUCT_BUNDLE_IDENTIFIER = "com.alihilal.CodablePersist-watchOS";
				PRODUCT_NAME = CodablePersist;
				PROVISIONING_PROFILE_SPECIFIER = "";
				SDKROOT = watchos;
				SKIP_INSTALL = YES;
				SWIFT_VERSION = 5.0;
				TARGETED_DEVICE_FAMILY = 4;
				WATCHOS_DEPLOYMENT_TARGET = 2.0;
			};
			name = Release;
		};
		3D9C42CB22745A07000A6585 /* Debug */ = {
			isa = XCBuildConfiguration;
			buildSettings = {
				APPLICATION_EXTENSION_API_ONLY = YES;
				CODE_SIGN_IDENTITY = "-";
				CODE_SIGN_STYLE = Manual;
				COMBINE_HIDPI_IMAGES = YES;
				DEFINES_MODULE = YES;
				DEVELOPMENT_TEAM = "";
				DYLIB_COMPATIBILITY_VERSION = 1;
				DYLIB_CURRENT_VERSION = 1;
				DYLIB_INSTALL_NAME_BASE = "@rpath";
				FRAMEWORK_VERSION = A;
				INFOPLIST_FILE = Configs/CodablePersist.plist;
				INSTALL_PATH = "$(LOCAL_LIBRARY_DIR)/Frameworks";
				IPHONEOS_DEPLOYMENT_TARGET = 8.0;
				LD_RUNPATH_SEARCH_PATHS = (
					"$(inherited)",
					"@executable_path/../Frameworks",
					"@loader_path/Frameworks",
				);
				MACOSX_DEPLOYMENT_TARGET = 10.10;
				PRODUCT_BUNDLE_IDENTIFIER = "com.alihilal.CodablePersist-macOS";
				PRODUCT_NAME = CodablePersist;
				PROVISIONING_PROFILE_SPECIFIER = "";
				SDKROOT = macosx;
				SKIP_INSTALL = YES;
				SWIFT_VERSION = 5.0;
			};
			name = Debug;
		};
		3D9C42CC22745A07000A6585 /* Release */ = {
			isa = XCBuildConfiguration;
			buildSettings = {
				APPLICATION_EXTENSION_API_ONLY = YES;
				CODE_SIGN_IDENTITY = "-";
				CODE_SIGN_STYLE = Manual;
				COMBINE_HIDPI_IMAGES = YES;
				DEFINES_MODULE = YES;
				DEVELOPMENT_TEAM = "";
				DYLIB_COMPATIBILITY_VERSION = 1;
				DYLIB_CURRENT_VERSION = 1;
				DYLIB_INSTALL_NAME_BASE = "@rpath";
				FRAMEWORK_VERSION = A;
				INFOPLIST_FILE = Configs/CodablePersist.plist;
				INSTALL_PATH = "$(LOCAL_LIBRARY_DIR)/Frameworks";
				IPHONEOS_DEPLOYMENT_TARGET = 8.0;
				LD_RUNPATH_SEARCH_PATHS = (
					"$(inherited)",
					"@executable_path/../Frameworks",
					"@loader_path/Frameworks",
				);
				MACOSX_DEPLOYMENT_TARGET = 10.10;
				PRODUCT_BUNDLE_IDENTIFIER = "com.alihilal.CodablePersist-macOS";
				PRODUCT_NAME = CodablePersist;
				PROVISIONING_PROFILE_SPECIFIER = "";
				SDKROOT = macosx;
				SKIP_INSTALL = YES;
				SWIFT_VERSION = 5.0;
			};
			name = Release;
		};
		3D9C42FA2274604A000A6585 /* Debug */ = {
			isa = XCBuildConfiguration;
			buildSettings = {
				ALWAYS_EMBED_SWIFT_STANDARD_LIBRARIES = YES;
				CLANG_ENABLE_MODULES = YES;
				CODE_SIGN_STYLE = Automatic;
				INFOPLIST_FILE = Configs/CodablePersistTests.plist;
				IPHONEOS_DEPLOYMENT_TARGET = 8.0;
				LD_RUNPATH_SEARCH_PATHS = (
					"$(inherited)",
					"@executable_path/Frameworks",
					"@loader_path/Frameworks",
				);
				PRODUCT_BUNDLE_IDENTIFIER = "com.alihilal.CodablePersist-iOSTests";
				PRODUCT_NAME = "$(TARGET_NAME)";
				SWIFT_OPTIMIZATION_LEVEL = "-Onone";
				SWIFT_VERSION = 5.0;
				TARGETED_DEVICE_FAMILY = "1,2";
			};
			name = Debug;
		};
		3D9C42FB2274604A000A6585 /* Release */ = {
			isa = XCBuildConfiguration;
			buildSettings = {
				ALWAYS_EMBED_SWIFT_STANDARD_LIBRARIES = YES;
				CLANG_ENABLE_MODULES = YES;
				CODE_SIGN_STYLE = Automatic;
				INFOPLIST_FILE = Configs/CodablePersistTests.plist;
				IPHONEOS_DEPLOYMENT_TARGET = 8.0;
				LD_RUNPATH_SEARCH_PATHS = (
					"$(inherited)",
					"@executable_path/Frameworks",
					"@loader_path/Frameworks",
				);
				PRODUCT_BUNDLE_IDENTIFIER = "com.alihilal.CodablePersist-iOSTests";
				PRODUCT_NAME = "$(TARGET_NAME)";
				SWIFT_VERSION = 5.0;
				TARGETED_DEVICE_FAMILY = "1,2";
			};
			name = Release;
		};
		3D9C430A2274611B000A6585 /* Debug */ = {
			isa = XCBuildConfiguration;
			buildSettings = {
				ALWAYS_EMBED_SWIFT_STANDARD_LIBRARIES = YES;
				CLANG_ENABLE_MODULES = YES;
				CODE_SIGN_STYLE = Automatic;
				INFOPLIST_FILE = Configs/CodablePersistTests.plist;
				LD_RUNPATH_SEARCH_PATHS = (
					"$(inherited)",
					"@executable_path/Frameworks",
					"@loader_path/Frameworks",
				);
				PRODUCT_BUNDLE_IDENTIFIER = "com.alihilal.CodablePersist-tvOSTests";
				PRODUCT_NAME = "$(TARGET_NAME)";
				SDKROOT = appletvos;
				SWIFT_OPTIMIZATION_LEVEL = "-Onone";
				SWIFT_VERSION = 5.0;
				TARGETED_DEVICE_FAMILY = 3;
				TVOS_DEPLOYMENT_TARGET = 9.0;
			};
			name = Debug;
		};
		3D9C430B2274611B000A6585 /* Release */ = {
			isa = XCBuildConfiguration;
			buildSettings = {
				ALWAYS_EMBED_SWIFT_STANDARD_LIBRARIES = YES;
				CLANG_ENABLE_MODULES = YES;
				CODE_SIGN_STYLE = Automatic;
				INFOPLIST_FILE = Configs/CodablePersistTests.plist;
				LD_RUNPATH_SEARCH_PATHS = (
					"$(inherited)",
					"@executable_path/Frameworks",
					"@loader_path/Frameworks",
				);
				PRODUCT_BUNDLE_IDENTIFIER = "com.alihilal.CodablePersist-tvOSTests";
				PRODUCT_NAME = "$(TARGET_NAME)";
				SDKROOT = appletvos;
				SWIFT_VERSION = 5.0;
				TARGETED_DEVICE_FAMILY = 3;
				TVOS_DEPLOYMENT_TARGET = 9.0;
			};
			name = Release;
		};
		3D9C431A22746198000A6585 /* Debug */ = {
			isa = XCBuildConfiguration;
			buildSettings = {
				ALWAYS_EMBED_SWIFT_STANDARD_LIBRARIES = YES;
				CLANG_ENABLE_MODULES = YES;
				CODE_SIGN_IDENTITY = "-";
				CODE_SIGN_STYLE = Automatic;
				COMBINE_HIDPI_IMAGES = YES;
				INFOPLIST_FILE = Configs/CodablePersistTests.plist;
				LD_RUNPATH_SEARCH_PATHS = (
					"$(inherited)",
					"@executable_path/../Frameworks",
					"@loader_path/../Frameworks",
				);
				MACOSX_DEPLOYMENT_TARGET = 10.10;
				PRODUCT_BUNDLE_IDENTIFIER = "com.alihilal.CodablePersist-macOSTests";
				PRODUCT_NAME = "$(TARGET_NAME)";
				SDKROOT = macosx;
				SWIFT_OPTIMIZATION_LEVEL = "-Onone";
				SWIFT_VERSION = 5.0;
			};
			name = Debug;
		};
		3D9C431B22746198000A6585 /* Release */ = {
			isa = XCBuildConfiguration;
			buildSettings = {
				ALWAYS_EMBED_SWIFT_STANDARD_LIBRARIES = YES;
				CLANG_ENABLE_MODULES = YES;
				CODE_SIGN_IDENTITY = "-";
				CODE_SIGN_STYLE = Automatic;
				COMBINE_HIDPI_IMAGES = YES;
				INFOPLIST_FILE = Configs/CodablePersistTests.plist;
				LD_RUNPATH_SEARCH_PATHS = (
					"$(inherited)",
					"@executable_path/../Frameworks",
					"@loader_path/../Frameworks",
				);
				MACOSX_DEPLOYMENT_TARGET = 10.10;
				PRODUCT_BUNDLE_IDENTIFIER = "com.alihilal.CodablePersist-macOSTests";
				PRODUCT_NAME = "$(TARGET_NAME)";
				SDKROOT = macosx;
				SWIFT_VERSION = 5.0;
			};
			name = Release;
		};
		3D9C43312274629C000A6585 /* Debug */ = {
			isa = XCBuildConfiguration;
			buildSettings = {
				ALWAYS_EMBED_SWIFT_STANDARD_LIBRARIES = YES;
				ASSETCATALOG_COMPILER_APPICON_NAME = AppIcon;
				CODE_SIGN_STYLE = Manual;
				DEVELOPMENT_TEAM = "";
				INFOPLIST_FILE = Example/Resources/Info.plist;
				IPHONEOS_DEPLOYMENT_TARGET = 9.0;
				LD_RUNPATH_SEARCH_PATHS = (
					"$(inherited)",
					"@executable_path/Frameworks",
				);
				PRODUCT_BUNDLE_IDENTIFIER = "com.alihilal-iOS.Example";
				PRODUCT_NAME = "$(TARGET_NAME)";
				PROVISIONING_PROFILE_SPECIFIER = "";
				SWIFT_VERSION = 5.0;
				TARGETED_DEVICE_FAMILY = "1,2";
			};
			name = Debug;
		};
		3D9C43322274629C000A6585 /* Release */ = {
			isa = XCBuildConfiguration;
			buildSettings = {
				ALWAYS_EMBED_SWIFT_STANDARD_LIBRARIES = YES;
				ASSETCATALOG_COMPILER_APPICON_NAME = AppIcon;
				CODE_SIGN_STYLE = Manual;
				DEVELOPMENT_TEAM = "";
				INFOPLIST_FILE = Example/Resources/Info.plist;
				IPHONEOS_DEPLOYMENT_TARGET = 9.0;
				LD_RUNPATH_SEARCH_PATHS = (
					"$(inherited)",
					"@executable_path/Frameworks",
				);
				PRODUCT_BUNDLE_IDENTIFIER = "com.alihilal-iOS.Example";
				PRODUCT_NAME = "$(TARGET_NAME)";
				PROVISIONING_PROFILE_SPECIFIER = "";
				SWIFT_VERSION = 5.0;
				TARGETED_DEVICE_FAMILY = "1,2";
			};
			name = Release;
		};
/* End XCBuildConfiguration section */

/* Begin XCConfigurationList section */
		3D9C428A22745894000A6585 /* Build configuration list for PBXProject "CodablePersist" */ = {
			isa = XCConfigurationList;
			buildConfigurations = (
				3D9C429622745894000A6585 /* Debug */,
				3D9C429722745894000A6585 /* Release */,
			);
			defaultConfigurationIsVisible = 0;
			defaultConfigurationName = Release;
		};
		3D9C429822745894000A6585 /* Build configuration list for PBXNativeTarget "CodablePersist-iOS" */ = {
			isa = XCConfigurationList;
			buildConfigurations = (
				3D9C429922745894000A6585 /* Debug */,
				3D9C429A22745894000A6585 /* Release */,
			);
			defaultConfigurationIsVisible = 0;
			defaultConfigurationName = Release;
		};
		3D9C42AE2274599D000A6585 /* Build configuration list for PBXNativeTarget "CodablePersist-tvOS" */ = {
			isa = XCConfigurationList;
			buildConfigurations = (
				3D9C42AF2274599D000A6585 /* Debug */,
				3D9C42B02274599D000A6585 /* Release */,
			);
			defaultConfigurationIsVisible = 0;
			defaultConfigurationName = Release;
		};
		3D9C42BC227459D6000A6585 /* Build configuration list for PBXNativeTarget "CodablePersist-watchOS" */ = {
			isa = XCConfigurationList;
			buildConfigurations = (
				3D9C42BD227459D6000A6585 /* Debug */,
				3D9C42BE227459D6000A6585 /* Release */,
			);
			defaultConfigurationIsVisible = 0;
			defaultConfigurationName = Release;
		};
		3D9C42CA22745A07000A6585 /* Build configuration list for PBXNativeTarget "CodablePersist-macOS" */ = {
			isa = XCConfigurationList;
			buildConfigurations = (
				3D9C42CB22745A07000A6585 /* Debug */,
				3D9C42CC22745A07000A6585 /* Release */,
			);
			defaultConfigurationIsVisible = 0;
			defaultConfigurationName = Release;
		};
		3D9C42F92274604A000A6585 /* Build configuration list for PBXNativeTarget "CodablePersist-iOSTests" */ = {
			isa = XCConfigurationList;
			buildConfigurations = (
				3D9C42FA2274604A000A6585 /* Debug */,
				3D9C42FB2274604A000A6585 /* Release */,
			);
			defaultConfigurationIsVisible = 0;
			defaultConfigurationName = Release;
		};
		3D9C43092274611B000A6585 /* Build configuration list for PBXNativeTarget "CodablePersist-tvOSTests" */ = {
			isa = XCConfigurationList;
			buildConfigurations = (
				3D9C430A2274611B000A6585 /* Debug */,
				3D9C430B2274611B000A6585 /* Release */,
			);
			defaultConfigurationIsVisible = 0;
			defaultConfigurationName = Release;
		};
		3D9C431922746198000A6585 /* Build configuration list for PBXNativeTarget "CodablePersist-macOSTests" */ = {
			isa = XCConfigurationList;
			buildConfigurations = (
				3D9C431A22746198000A6585 /* Debug */,
				3D9C431B22746198000A6585 /* Release */,
			);
			defaultConfigurationIsVisible = 0;
			defaultConfigurationName = Release;
		};
		3D9C43302274629C000A6585 /* Build configuration list for PBXNativeTarget "Example" */ = {
			isa = XCConfigurationList;
			buildConfigurations = (
				3D9C43312274629C000A6585 /* Debug */,
				3D9C43322274629C000A6585 /* Release */,
			);
			defaultConfigurationIsVisible = 0;
			defaultConfigurationName = Release;
		};
/* End XCConfigurationList section */
	};
	rootObject = 3D9C428722745894000A6585 /* Project object */;
}
